
Microsoft Visual Studio Solution File, Format Version 12.00
# Visual Studio Version 17
VisualStudioVersion = 17.4.33213.308
MinimumVisualStudioVersion = 10.0.40219.1
Project("{FAE04EC0-301F-11D3-BF4B-00C04F79EFBC}") = "HisabKitab", "HisabKitab\HisabKitab.csproj", "{79C5306A-0E4F-4670-8ABE-CD85CD0B67A5}"
EndProject
Global
	GlobalSection(SolutionConfigurationPlatforms) = preSolution
		Debug|Any CPU = Debug|Any CPU
		Release|Any CPU = Release|Any CPU
	EndGlobalSection
	GlobalSection(ProjectConfigurationPlatforms) = postSolution
		{79C5306A-0E4F-4670-8ABE-CD85CD0B67A5}.Debug|Any CPU.ActiveCfg = Debug|Any CPU
		{79C5306A-0E4F-4670-8ABE-CD85CD0B67A5}.Debug|Any CPU.Build.0 = Debug|Any CPU
		{79C5306A-0E4F-4670-8ABE-CD85CD0B67A5}.Release|Any CPU.ActiveCfg = Release|Any CPU
		{79C5306A-0E4F-4670-8ABE-CD85CD0B67A5}.Release|Any CPU.Build.0 = Release|Any CPU
	EndGlobalSection
	GlobalSection(SolutionProperties) = preSolution
		HideSolutionNode = FALSE
	EndGlobalSection
	GlobalSection(ExtensibilityGlobals) = postSolution
		SolutionGuid = {2B76DBCE-1198-48E8-BE3A-7983C628E735}
	EndGlobalSection
EndGlobal
